
Microsoft Visual Studio Solution File, Format Version 12.00
Project("{FAE04EC0-301F-11D3-BF4B-00C04F79EFBC}") = "Jcl.FileBrowser", "Jcl.FileBrowser\Jcl.FileBrowser.csproj", "{A2F0790A-3D2F-4B8C-A524-9890E68AB05E}"
EndProject
Project("{FAE04EC0-301F-11D3-BF4B-00C04F79EFBC}") = "HealthCheck.Client", "HealthCheck.Client\HealthCheck.Client.csproj", "{5B31D75D-E009-45D3-8833-F94D3F5D4BBB}"
EndProject
Global
	GlobalSection(SolutionConfigurationPlatforms) = preSolution
		Debug|Any CPU = Debug|Any CPU
		Release|Any CPU = Release|Any CPU
	EndGlobalSection
	GlobalSection(ProjectConfigurationPlatforms) = postSolution
		{A2F0790A-3D2F-4B8C-A524-9890E68AB05E}.Debug|Any CPU.ActiveCfg = Debug|Any CPU
		{A2F0790A-3D2F-4B8C-A524-9890E68AB05E}.Debug|Any CPU.Build.0 = Debug|Any CPU
		{A2F0790A-3D2F-4B8C-A524-9890E68AB05E}.Release|Any CPU.ActiveCfg = Release|Any CPU
		{A2F0790A-3D2F-4B8C-A524-9890E68AB05E}.Release|Any CPU.Build.0 = Release|Any CPU
		{5B31D75D-E009-45D3-8833-F94D3F5D4BBB}.Debug|Any CPU.ActiveCfg = Debug|Any CPU
		{5B31D75D-E009-45D3-8833-F94D3F5D4BBB}.Debug|Any CPU.Build.0 = Debug|Any CPU
		{5B31D75D-E009-45D3-8833-F94D3F5D4BBB}.Release|Any CPU.ActiveCfg = Release|Any CPU
		{5B31D75D-E009-45D3-8833-F94D3F5D4BBB}.Release|Any CPU.Build.0 = Release|Any CPU
	EndGlobalSection
EndGlobal
